
Microsoft Visual Studio Solution File, Format Version 12.00
# Visual Studio Version 17
VisualStudioVersion = 17.5.001.0
MinimumVisualStudioVersion = 10.0.40219.1
Project("{9A19103F-16F7-4668-BE54-9A1E7A4F7556}") = "aspdotnetapi", "aspdotnetapi.csproj", "{81C21845-10D5-4E47-8774-31317F6C6B33}"
EndProject
Global
	GlobalSection(SolutionConfigurationPlatforms) = preSolution
		Debug|Any CPU = Debug|Any CPU
		Release|Any CPU = Release|Any CPU
	EndGlobalSection
	GlobalSection(ProjectConfigurationPlatforms) = postSolution
		{81C21845-10D5-4E47-8774-31317F6C6B33}.Debug|Any CPU.ActiveCfg = Debug|Any CPU
		{81C21845-10D5-4E47-8774-31317F6C6B33}.Debug|Any CPU.Build.0 = Debug|Any CPU
		{81C21845-10D5-4E47-8774-31317F6C6B33}.Release|Any CPU.ActiveCfg = Release|Any CPU
		{81C21845-10D5-4E47-8774-31317F6C6B33}.Release|Any CPU.Build.0 = Release|Any CPU
	EndGlobalSection
	GlobalSection(SolutionProperties) = preSolution
		HideSolutionNode = FALSE
	EndGlobalSection
	GlobalSection(ExtensibilityGlobals) = postSolution
		SolutionGuid = {D3685D7E-ADDD-4DEE-B20D-F8ACA74506B1}
	EndGlobalSection
EndGlobal
